Microsoft Visual Studio Solution File, Format Version 12.00
# Visual Studio Version 17
VisualStudioVersion = 17.5.2.0
MinimumVisualStudioVersion = 10.0.40219.1
Project("{2150E333-8FDC-42A3-9474-1A3956D46DE8}") = "server", "server", "{DAD03CFC-D5FA-AC94-41C7-9ABAB326F09E}"
EndProject
Project("{FAE04EC0-301F-11D3-BF4B-00C04F79EFBC}") = "EduBoost.API", "server\EduBoost.API.csproj", "{3430DD25-7D58-797A-F715-3C452ABA5F9E}"
EndProject
Global
	GlobalSection(SolutionConfigurationPlatforms) = preSolution
		Debug|Any CPU = Debug|Any CPU
		Release|Any CPU = Release|Any CPU
	EndGlobalSection
	GlobalSection(ProjectConfigurationPlatforms) = postSolution
		{3430DD25-7D58-797A-F715-3C452ABA5F9E}.Debug|Any CPU.ActiveCfg = Debug|Any CPU
		{3430DD25-7D58-797A-F715-3C452ABA5F9E}.Debug|Any CPU.Build.0 = Debug|Any CPU
		{3430DD25-7D58-797A-F715-3C452ABA5F9E}.Release|Any CPU.ActiveCfg = Release|Any CPU
		{3430DD25-7D58-797A-F715-3C452ABA5F9E}.Release|Any CPU.Build.0 = Release|Any CPU
	EndGlobalSection
	GlobalSection(SolutionProperties) = preSolution
		HideSolutionNode = FALSE
	EndGlobalSection
	GlobalSection(NestedProjects) = preSolution
		{3430DD25-7D58-797A-F715-3C452ABA5F9E} = {DAD03CFC-D5FA-AC94-41C7-9ABAB326F09E}
	EndGlobalSection
	GlobalSection(ExtensibilityGlobals) = postSolution
		SolutionGuid = {75742716-DAF7-4A4B-8002-21A7A432CDF4}
	EndGlobalSection
EndGlobal
